
Microsoft Visual Studio Solution File, Format Version 12.00
# Visual Studio 15
VisualStudioVersion = 15.0.26730.16
MinimumVisualStudioVersion = 10.0.40219.1
Project("{FAE04EC0-301F-11D3-BF4B-00C04F79EFBC}") = "SmartUP", "SmartUP\SmartUP.csproj", "{C1B43977-3B40-45DB-9AEC-E7F06B9F16F1}"
EndProject
Project("{FAE04EC0-301F-11D3-BF4B-00C04F79EFBC}") = "ConsoleAPP", "ConsoleApp1\ConsoleAPP.csproj", "{F3A84D95-5E67-449F-8CB3-9D142806C98B}"
EndProject
Project("{FAE04EC0-301F-11D3-BF4B-00C04F79EFBC}") = "Modelo", "Modelo\Modelo.csproj", "{400D08E4-7EDD-4FED-A56C-6F43B1C51890}"
EndProject
Project("{FAE04EC0-301F-11D3-BF4B-00C04F79EFBC}") = "SmartOP", "SmartOP\SmartOP.csproj", "{275D08DA-A76E-43BF-B4C1-A28308F51729}"
EndProject
Global
	GlobalSection(SolutionConfigurationPlatforms) = preSolution
		Debug|Any CPU = Debug|Any CPU
		Debug|ARM = Debug|ARM
		Debug|x64 = Debug|x64
		Debug|x86 = Debug|x86
		Release|Any CPU = Release|Any CPU
		Release|ARM = Release|ARM
		Release|x64 = Release|x64
		Release|x86 = Release|x86
	EndGlobalSection
	GlobalSection(ProjectConfigurationPlatforms) = postSolution
		{C1B43977-3B40-45DB-9AEC-E7F06B9F16F1}.Debug|Any CPU.ActiveCfg = Debug|Any CPU
		{C1B43977-3B40-45DB-9AEC-E7F06B9F16F1}.Debug|Any CPU.Build.0 = Debug|Any CPU
		{C1B43977-3B40-45DB-9AEC-E7F06B9F16F1}.Debug|ARM.ActiveCfg = Debug|Any CPU
		{C1B43977-3B40-45DB-9AEC-E7F06B9F16F1}.Debug|ARM.Build.0 = Debug|Any CPU
		{C1B43977-3B40-45DB-9AEC-E7F06B9F16F1}.Debug|x64.ActiveCfg = Debug|Any CPU
		{C1B43977-3B40-45DB-9AEC-E7F06B9F16F1}.Debug|x64.Build.0 = Debug|Any CPU
		{C1B43977-3B40-45DB-9AEC-E7F06B9F16F1}.Debug|x86.ActiveCfg = Debug|Any CPU
		{C1B43977-3B40-45DB-9AEC-E7F06B9F16F1}.Debug|x86.Build.0 = Debug|Any CPU
		{C1B43977-3B40-45DB-9AEC-E7F06B9F16F1}.Release|Any CPU.ActiveCfg = Release|Any CPU
		{C1B43977-3B40-45DB-9AEC-E7F06B9F16F1}.Release|Any CPU.Build.0 = Release|Any CPU
		{C1B43977-3B40-45DB-9AEC-E7F06B9F16F1}.Release|ARM.ActiveCfg = Release|Any CPU
		{C1B43977-3B40-45DB-9AEC-E7F06B9F16F1}.Release|ARM.Build.0 = Release|Any CPU
		{C1B43977-3B40-45DB-9AEC-E7F06B9F16F1}.Release|x64.ActiveCfg = Release|Any CPU
		{C1B43977-3B40-45DB-9AEC-E7F06B9F16F1}.Release|x64.Build.0 = Release|Any CPU
		{C1B43977-3B40-45DB-9AEC-E7F06B9F16F1}.Release|x86.ActiveCfg = Release|Any CPU
		{C1B43977-3B40-45DB-9AEC-E7F06B9F16F1}.Release|x86.Build.0 = Release|Any CPU
		{F3A84D95-5E67-449F-8CB3-9D142806C98B}.Debug|Any CPU.ActiveCfg = Debug|Any CPU
		{F3A84D95-5E67-449F-8CB3-9D142806C98B}.Debug|Any CPU.Build.0 = Debug|Any CPU
		{F3A84D95-5E67-449F-8CB3-9D142806C98B}.Debug|ARM.ActiveCfg = Debug|Any CPU
		{F3A84D95-5E67-449F-8CB3-9D142806C98B}.Debug|ARM.Build.0 = Debug|Any CPU
		{F3A84D95-5E67-449F-8CB3-9D142806C98B}.Debug|x64.ActiveCfg = Debug|Any CPU
		{F3A84D95-5E67-449F-8CB3-9D142806C98B}.Debug|x64.Build.0 = Debug|Any CPU
		{F3A84D95-5E67-449F-8CB3-9D142806C98B}.Debug|x86.ActiveCfg = Debug|Any CPU
		{F3A84D95-5E67-449F-8CB3-9D142806C98B}.Debug|x86.Build.0 = Debug|Any CPU
		{F3A84D95-5E67-449F-8CB3-9D142806C98B}.Release|Any CPU.ActiveCfg = Release|Any CPU
		{F3A84D95-5E67-449F-8CB3-9D142806C98B}.Release|Any CPU.Build.0 = Release|Any CPU
		{F3A84D95-5E67-449F-8CB3-9D142806C98B}.Release|ARM.ActiveCfg = Release|Any CPU
		{F3A84D95-5E67-449F-8CB3-9D142806C98B}.Release|ARM.Build.0 = Release|Any CPU
		{F3A84D95-5E67-449F-8CB3-9D142806C98B}.Release|x64.ActiveCfg = Release|Any CPU
		{F3A84D95-5E67-449F-8CB3-9D142806C98B}.Release|x64.Build.0 = Release|Any CPU
		{F3A84D95-5E67-449F-8CB3-9D142806C98B}.Release|x86.ActiveCfg = Release|Any CPU
		{F3A84D95-5E67-449F-8CB3-9D142806C98B}.Release|x86.Build.0 = Release|Any CPU
		{400D08E4-7EDD-4FED-A56C-6F43B1C51890}.Debug|Any CPU.ActiveCfg = Debug|Any CPU
		{400D08E4-7EDD-4FED-A56C-6F43B1C51890}.Debug|Any CPU.Build.0 = Debug|Any CPU
		{400D08E4-7EDD-4FED-A56C-6F43B1C51890}.Debug|ARM.ActiveCfg = Debug|Any CPU
		{400D08E4-7EDD-4FED-A56C-6F43B1C51890}.Debug|x64.ActiveCfg = Debug|Any CPU
		{400D08E4-7EDD-4FED-A56C-6F43B1C51890}.Debug|x86.ActiveCfg = Debug|Any CPU
		{400D08E4-7EDD-4FED-A56C-6F43B1C51890}.Release|Any CPU.ActiveCfg = Release|Any CPU
		{400D08E4-7EDD-4FED-A56C-6F43B1C51890}.Release|Any CPU.Build.0 = Release|Any CPU
		{400D08E4-7EDD-4FED-A56C-6F43B1C51890}.Release|ARM.ActiveCfg = Release|Any CPU
		{400D08E4-7EDD-4FED-A56C-6F43B1C51890}.Release|x64.ActiveCfg = Release|Any CPU
		{400D08E4-7EDD-4FED-A56C-6F43B1C51890}.Release|x86.ActiveCfg = Release|Any CPU
		{275D08DA-A76E-43BF-B4C1-A28308F51729}.Debug|Any CPU.ActiveCfg = Debug|Any CPU
		{275D08DA-A76E-43BF-B4C1-A28308F51729}.Debug|Any CPU.Build.0 = Debug|Any CPU
		{275D08DA-A76E-43BF-B4C1-A28308F51729}.Debug|ARM.ActiveCfg = Debug|Any CPU
		{275D08DA-A76E-43BF-B4C1-A28308F51729}.Debug|ARM.Build.0 = Debug|Any CPU
		{275D08DA-A76E-43BF-B4C1-A28308F51729}.Debug|x64.ActiveCfg = Debug|Any CPU
		{275D08DA-A76E-43BF-B4C1-A28308F51729}.Debug|x64.Build.0 = Debug|Any CPU
		{275D08DA-A76E-43BF-B4C1-A28308F51729}.Debug|x86.ActiveCfg = Debug|Any CPU
		{275D08DA-A76E-43BF-B4C1-A28308F51729}.Debug|x86.Build.0 = Debug|Any CPU
		{275D08DA-A76E-43BF-B4C1-A28308F51729}.Release|Any CPU.ActiveCfg = Release|Any CPU
		{275D08DA-A76E-43BF-B4C1-A28308F51729}.Release|Any CPU.Build.0 = Release|Any CPU
		{275D08DA-A76E-43BF-B4C1-A28308F51729}.Release|ARM.ActiveCfg = Release|Any CPU
		{275D08DA-A76E-43BF-B4C1-A28308F51729}.Release|ARM.Build.0 = Release|Any CPU
		{275D08DA-A76E-43BF-B4C1-A28308F51729}.Release|x64.ActiveCfg = Release|Any CPU
		{275D08DA-A76E-43BF-B4C1-A28308F51729}.Release|x64.Build.0 = Release|Any CPU
		{275D08DA-A76E-43BF-B4C1-A28308F51729}.Release|x86.ActiveCfg = Release|Any CPU
		{275D08DA-A76E-43BF-B4C1-A28308F51729}.Release|x86.Build.0 = Release|Any CPU
	EndGlobalSection
	GlobalSection(SolutionProperties) = preSolution
		HideSolutionNode = FALSE
	EndGlobalSection
	GlobalSection(ExtensibilityGlobals) = postSolution
		SolutionGuid = {31C4D67E-3E72-45B7-956B-F25C768C6392}
	EndGlobalSection
EndGlobal
